
Microsoft Visual Studio Solution File, Format Version 12.00
# Visual Studio Version 17
VisualStudioVersion = 17.14.36109.1 d17.14
MinimumVisualStudioVersion = 10.0.40219.1
Project("{FAE04EC0-301F-11D3-BF4B-00C04F79EFBC}") = "gestor de facturas", "gestor de facturas\gestor de facturas.csproj", "{CAE37611-C7E0-4C89-955D-EDD422314268}"
EndProject
Global
	GlobalSection(SolutionConfigurationPlatforms) = preSolution
		Debug|Any CPU = Debug|Any CPU
		Release|Any CPU = Release|Any CPU
	EndGlobalSection
	GlobalSection(ProjectConfigurationPlatforms) = postSolution
		{CAE37611-C7E0-4C89-955D-EDD422314268}.Debug|Any CPU.ActiveCfg = Debug|Any CPU
		{CAE37611-C7E0-4C89-955D-EDD422314268}.Debug|Any CPU.Build.0 = Debug|Any CPU
		{CAE37611-C7E0-4C89-955D-EDD422314268}.Release|Any CPU.ActiveCfg = Release|Any CPU
		{CAE37611-C7E0-4C89-955D-EDD422314268}.Release|Any CPU.Build.0 = Release|Any CPU
	EndGlobalSection
	GlobalSection(SolutionProperties) = preSolution
		HideSolutionNode = FALSE
	EndGlobalSection
	GlobalSection(ExtensibilityGlobals) = postSolution
		SolutionGuid = {3A57B5D8-E21C-4F1B-913F-206A7211B059}
	EndGlobalSection
EndGlobal
